// !$*UTF8*$!
{
	archiveVersion = 1;
	classes = {
	};
	objectVersion = 77;
	objects = {

/* Begin PBXBuildFile section */
		A156B06C2E95EE4700295CDD /* BetterAuth in Frameworks */ = {isa = PBXBuildFile; productRef = A156B06B2E95EE4700295CDD /* BetterAuth */; };
		A156B06E2E95EE4700295CDD /* BetterAuthAnonymous in Frameworks */ = {isa = PBXBuildFile; productRef = A156B06D2E95EE4700295CDD /* BetterAuthAnonymous */; };
		A156B0702E95EE4700295CDD /* BetterAuthPhoneNumber in Frameworks */ = {isa = PBXBuildFile; productRef = A156B06F2E95EE4700295CDD /* BetterAuthPhoneNumber */; };
		A156B0722E95EE4700295CDD /* BetterAuthTwoFactor in Frameworks */ = {isa = PBXBuildFile; productRef = A156B0712E95EE4700295CDD /* BetterAuthTwoFactor */; };
		A156B0742E95EE4700295CDD /* BetterAuthUsername in Frameworks */ = {isa = PBXBuildFile; productRef = A156B0732E95EE4700295CDD /* BetterAuthUsername */; };
		A170F2632E8E3A9B007D88B6 /* BetterAuth in Frameworks */ = {isa = PBXBuildFile; productRef = A170F2622E8E3A9B007D88B6 /* BetterAuth */; };
		A170F2652E8E3A9B007D88B6 /* BetterAuthTwoFactor in Frameworks */ = {isa = PBXBuildFile; productRef = A170F2642E8E3A9B007D88B6 /* BetterAuthTwoFactor */; };
		A170F2672E8E3A9B007D88B6 /* BetterAuthUsername in Frameworks */ = {isa = PBXBuildFile; productRef = A170F2662E8E3A9B007D88B6 /* BetterAuthUsername */; };
		A186B3892E833AEB001671AD /* BetterAuth in Frameworks */ = {isa = PBXBuildFile; productRef = A186B3882E833AEB001671AD /* BetterAuth */; };
		A1A7E8F52E975C9300B2494D /* BetterAuth in Frameworks */ = {isa = PBXBuildFile; productRef = A1A7E8F42E975C9300B2494D /* BetterAuth */; };
		A1A7E8F72E975C9300B2494D /* BetterAuthAnonymous in Frameworks */ = {isa = PBXBuildFile; productRef = A1A7E8F62E975C9300B2494D /* BetterAuthAnonymous */; };
		A1A7E8F92E975C9300B2494D /* BetterAuthEmailOTP in Frameworks */ = {isa = PBXBuildFile; productRef = A1A7E8F82E975C9300B2494D /* BetterAuthEmailOTP */; };
		A1A7E8FB2E975C9300B2494D /* BetterAuthMagicLink in Frameworks */ = {isa = PBXBuildFile; productRef = A1A7E8FA2E975C9300B2494D /* BetterAuthMagicLink */; };
		A1A7E8FD2E975C9300B2494D /* BetterAuthPhoneNumber in Frameworks */ = {isa = PBXBuildFile; productRef = A1A7E8FC2E975C9300B2494D /* BetterAuthPhoneNumber */; };
		A1A7E8FF2E975C9300B2494D /* BetterAuthTwoFactor in Frameworks */ = {isa = PBXBuildFile; productRef = A1A7E8FE2E975C9300B2494D /* BetterAuthTwoFactor */; };
		A1A7E9012E975C9300B2494D /* BetterAuthUsername in Frameworks */ = {isa = PBXBuildFile; productRef = A1A7E9002E975C9300B2494D /* BetterAuthUsername */; };
		A1D8242C2E8B8A4F00049493 /* BetterAuth in Frameworks */ = {isa = PBXBuildFile; productRef = A1D8242B2E8B8A4F00049493 /* BetterAuth */; };
		A1D8242E2E8B8A4F00049493 /* BetterAuthTwoFactor in Frameworks */ = {isa = PBXBuildFile; productRef = A1D8242D2E8B8A4F00049493 /* BetterAuthTwoFactor */; };
		A1D9C5102E961F13006DF093 /* BetterAuth in Frameworks */ = {isa = PBXBuildFile; productRef = A1D9C50F2E961F13006DF093 /* BetterAuth */; };
		A1D9C5122E961F13006DF093 /* BetterAuthAnonymous in Frameworks */ = {isa = PBXBuildFile; productRef = A1D9C5112E961F13006DF093 /* BetterAuthAnonymous */; };
		A1D9C5142E961F13006DF093 /* BetterAuthMagicLink in Frameworks */ = {isa = PBXBuildFile; productRef = A1D9C5132E961F13006DF093 /* BetterAuthMagicLink */; };
		A1D9C5162E961F13006DF093 /* BetterAuthPhoneNumber in Frameworks */ = {isa = PBXBuildFile; productRef = A1D9C5152E961F13006DF093 /* BetterAuthPhoneNumber */; };
		A1D9C5182E961F13006DF093 /* BetterAuthTwoFactor in Frameworks */ = {isa = PBXBuildFile; productRef = A1D9C5172E961F13006DF093 /* BetterAuthTwoFactor */; };
/* End PBXBuildFile section */

/* Begin PBXFileReference section */
		A186E3F02E833A4200757E13 /* BetterAuthSwiftExample.app */ = {isa = PBXFileReference; explicitFileType = wrapper.application; includeInIndex = 0; path = BetterAuthSwiftExample.app; sourceTree = BUILT_PRODUCTS_DIR; };
/* End PBXFileReference section */

/* Begin PBXFileSystemSynchronizedBuildFileExceptionSet section */
		A186B38B2E8347F3001671AD /* Exceptions for "BetterAuthSwiftExample" folder in "BetterAuthSwiftExample" target */ = {
			isa = PBXFileSystemSynchronizedBuildFileExceptionSet;
			membershipExceptions = (
				Info.plist,
			);
			target = A186E3EF2E833A4200757E13 /* BetterAuthSwiftExample */;
		};
/* End PBXFileSystemSynchronizedBuildFileExceptionSet section */

/* Begin PBXFileSystemSynchronizedRootGroup section */
		A186E3F22E833A4200757E13 /* BetterAuthSwiftExample */ = {
			isa = PBXFileSystemSynchronizedRootGroup;
			exceptions = (
				A186B38B2E8347F3001671AD /* Exceptions for "BetterAuthSwiftExample" folder in "BetterAuthSwiftExample" target */,
			);
			path = BetterAuthSwiftExample;
			sourceTree = "<group>";
		};
/* End PBXFileSystemSynchronizedRootGroup section */

/* Begin PBXFrameworksBuildPhase section */
		A186E3ED2E833A4200757E13 /* Frameworks */ = {
			isa = PBXFrameworksBuildPhase;
			buildActionMask = 2147483647;
			files = (
				A1A7E8FF2E975C9300B2494D /* BetterAuthTwoFactor in Frameworks */,
				A156B0722E95EE4700295CDD /* BetterAuthTwoFactor in Frameworks */,
				A170F2672E8E3A9B007D88B6 /* BetterAuthUsername in Frameworks */,
				A170F2652E8E3A9B007D88B6 /* BetterAuthTwoFactor in Frameworks */,
				A1D8242E2E8B8A4F00049493 /* BetterAuthTwoFactor in Frameworks */,
				A1A7E9012E975C9300B2494D /* BetterAuthUsername in Frameworks */,
				A1D9C5182E961F13006DF093 /* BetterAuthTwoFactor in Frameworks */,
				A1D9C5122E961F13006DF093 /* BetterAuthAnonymous in Frameworks */,
				A1A7E8F72E975C9300B2494D /* BetterAuthAnonymous in Frameworks */,
				A156B0742E95EE4700295CDD /* BetterAuthUsername in Frameworks */,
				A1D9C5142E961F13006DF093 /* BetterAuthMagicLink in Frameworks */,
				A1D8242C2E8B8A4F00049493 /* BetterAuth in Frameworks */,
				A1A7E8FB2E975C9300B2494D /* BetterAuthMagicLink in Frameworks */,
				A156B06E2E95EE4700295CDD /* BetterAuthAnonymous in Frameworks */,
				A170F2632E8E3A9B007D88B6 /* BetterAuth in Frameworks */,
				A1A7E8FD2E975C9300B2494D /* BetterAuthPhoneNumber in Frameworks */,
				A1A7E8F52E975C9300B2494D /* BetterAuth in Frameworks */,
				A1D9C5162E961F13006DF093 /* BetterAuthPhoneNumber in Frameworks */,
				A186B3892E833AEB001671AD /* BetterAuth in Frameworks */,
				A156B0702E95EE4700295CDD /* BetterAuthPhoneNumber in Frameworks */,
				A1D9C5102E961F13006DF093 /* BetterAuth in Frameworks */,
				A1A7E8F92E975C9300B2494D /* BetterAuthEmailOTP in Frameworks */,
				A156B06C2E95EE4700295CDD /* BetterAuth in Frameworks */,
			);
			runOnlyForDeploymentPostprocessing = 0;
		};
/* End PBXFrameworksBuildPhase section */

/* Begin PBXGroup section */
		A186E3E72E833A4200757E13 = {
			isa = PBXGroup;
			children = (
				A186E3F22E833A4200757E13 /* BetterAuthSwiftExample */,
				A186E3F12E833A4200757E13 /* Products */,
			);
			sourceTree = "<group>";
		};
		A186E3F12E833A4200757E13 /* Products */ = {
			isa = PBXGroup;
			children = (
				A186E3F02E833A4200757E13 /* BetterAuthSwiftExample.app */,
			);
			name = Products;
			sourceTree = "<group>";
		};
/* End PBXGroup section */

/* Begin PBXNativeTarget section */
		A186E3EF2E833A4200757E13 /* BetterAuthSwiftExample */ = {
			isa = PBXNativeTarget;
			buildConfigurationList = A186E3FB2E833A4300757E13 /* Build configuration list for PBXNativeTarget "BetterAuthSwiftExample" */;
			buildPhases = (
				A186E3EC2E833A4200757E13 /* Sources */,
				A186E3ED2E833A4200757E13 /* Frameworks */,
				A186E3EE2E833A4200757E13 /* Resources */,
			);
			buildRules = (
			);
			dependencies = (
			);
			fileSystemSynchronizedGroups = (
				A186E3F22E833A4200757E13 /* BetterAuthSwiftExample */,
			);
			name = BetterAuthSwiftExample;
			packageProductDependencies = (
				A186B3882E833AEB001671AD /* BetterAuth */,
				A1D8242B2E8B8A4F00049493 /* BetterAuth */,
				A1D8242D2E8B8A4F00049493 /* BetterAuthTwoFactor */,
				A170F2622E8E3A9B007D88B6 /* BetterAuth */,
				A170F2642E8E3A9B007D88B6 /* BetterAuthTwoFactor */,
				A170F2662E8E3A9B007D88B6 /* BetterAuthUsername */,
				A156B06B2E95EE4700295CDD /* BetterAuth */,
				A156B06D2E95EE4700295CDD /* BetterAuthAnonymous */,
				A156B06F2E95EE4700295CDD /* BetterAuthPhoneNumber */,
				A156B0712E95EE4700295CDD /* BetterAuthTwoFactor */,
				A156B0732E95EE4700295CDD /* BetterAuthUsername */,
				A1D9C50F2E961F13006DF093 /* BetterAuth */,
				A1D9C5112E961F13006DF093 /* BetterAuthAnonymous */,
				A1D9C5132E961F13006DF093 /* BetterAuthMagicLink */,
				A1D9C5152E961F13006DF093 /* BetterAuthPhoneNumber */,
				A1D9C5172E961F13006DF093 /* BetterAuthTwoFactor */,
				A1A7E8F42E975C9300B2494D /* BetterAuth */,
				A1A7E8F62E975C9300B2494D /* BetterAuthAnonymous */,
				A1A7E8F82E975C9300B2494D /* BetterAuthEmailOTP */,
				A1A7E8FA2E975C9300B2494D /* BetterAuthMagicLink */,
				A1A7E8FC2E975C9300B2494D /* BetterAuthPhoneNumber */,
				A1A7E8FE2E975C9300B2494D /* BetterAuthTwoFactor */,
				A1A7E9002E975C9300B2494D /* BetterAuthUsername */,
			);
			productName = BetterAuthSwiftExample;
			productReference = A186E3F02E833A4200757E13 /* BetterAuthSwiftExample.app */;
			productType = "com.apple.product-type.application";
		};
/* End PBXNativeTarget section */

/* Begin PBXProject section */
		A186E3E82E833A4200757E13 /* Project object */ = {
			isa = PBXProject;
			attributes = {
				BuildIndependentTargetsInParallel = 1;
				LastSwiftUpdateCheck = 2600;
				LastUpgradeCheck = 2600;
				TargetAttributes = {
					A186E3EF2E833A4200757E13 = {
						CreatedOnToolsVersion = 26.0;
					};
				};
			};
			buildConfigurationList = A186E3EB2E833A4200757E13 /* Build configuration list for PBXProject "BetterAuthSwiftExample" */;
			developmentRegion = en;
			hasScannedForEncodings = 0;
			knownRegions = (
				en,
				Base,
			);
			mainGroup = A186E3E72E833A4200757E13;
			minimizedProjectReferenceProxies = 1;
			packageReferences = (
				A156B06A2E95EE4700295CDD /* XCLocalSwiftPackageReference "../../BetterAuthSwift" */,
			);
			preferredProjectObjectVersion = 77;
			productRefGroup = A186E3F12E833A4200757E13 /* Products */;
			projectDirPath = "";
			projectRoot = "";
			targets = (
				A186E3EF2E833A4200757E13 /* BetterAuthSwiftExample */,
			);
		};
/* End PBXProject section */

/* Begin PBXResourcesBuildPhase section */
		A186E3EE2E833A4200757E13 /* Resources */ = {
			isa = PBXResourcesBuildPhase;
			buildActionMask = 2147483647;
			files = (
			);
			runOnlyForDeploymentPostprocessing = 0;
		};
/* End PBXResourcesBuildPhase section */

/* Begin PBXSourcesBuildPhase section */
		A186E3EC2E833A4200757E13 /* Sources */ = {
			isa = PBXSourcesBuildPhase;
			buildActionMask = 2147483647;
			files = (
			);
			runOnlyForDeploymentPostprocessing = 0;
		};
/* End PBXSourcesBuildPhase section */

/* Begin XCBuildConfiguration section */
		A186E3F92E833A4300757E13 /* Debug */ = {
			isa = XCBuildConfiguration;
			buildSettings = {
				ALWAYS_SEARCH_USER_PATHS = NO;
				ASSETCATALOG_COMPILER_GENERATE_SWIFT_ASSET_SYMBOL_EXTENSIONS = YES;
				CLANG_ANALYZER_NONNULL = YES;
				CLANG_ANALYZER_NUMBER_OBJECT_CONVERSION = YES_AGGRESSIVE;
				CLANG_CXX_LANGUAGE_STANDARD = "gnu++20";
				CLANG_ENABLE_MODULES = YES;
				CLANG_ENABLE_OBJC_ARC = YES;
				CLANG_ENABLE_OBJC_WEAK = YES;
				CLANG_WARN_BLOCK_CAPTURE_AUTORELEASING = YES;
				CLANG_WARN_BOOL_CONVERSION = YES;
				CLANG_WARN_COMMA = YES;
				CLANG_WARN_CONSTANT_CONVERSION = YES;
				CLANG_WARN_DEPRECATED_OBJC_IMPLEMENTATIONS = YES;
				CLANG_WARN_DIRECT_OBJC_ISA_USAGE = YES_ERROR;
				CLANG_WARN_DOCUMENTATION_COMMENTS = YES;
				CLANG_WARN_EMPTY_BODY = YES;
				CLANG_WARN_ENUM_CONVERSION = YES;
				CLANG_WARN_INFINITE_RECURSION = YES;
				CLANG_WARN_INT_CONVERSION = YES;
				CLANG_WARN_NON_LITERAL_NULL_CONVERSION = YES;
				CLANG_WARN_OBJC_IMPLICIT_RETAIN_SELF = YES;
				CLANG_WARN_OBJC_LITERAL_CONVERSION = YES;
				CLANG_WARN_OBJC_ROOT_CLASS = YES_ERROR;
				CLANG_WARN_QUOTED_INCLUDE_IN_FRAMEWORK_HEADER = YES;
				CLANG_WARN_RANGE_LOOP_ANALYSIS = YES;
				CLANG_WARN_STRICT_PROTOTYPES = YES;
				CLANG_WARN_SUSPICIOUS_MOVE = YES;
				CLANG_WARN_UNGUARDED_AVAILABILITY = YES_AGGRESSIVE;
				CLANG_WARN_UNREACHABLE_CODE = YES;
				CLANG_WARN__DUPLICATE_METHOD_MATCH = YES;
				COPY_PHASE_STRIP = NO;
				DEBUG_INFORMATION_FORMAT = dwarf;
				DEVELOPMENT_TEAM = JF8DW7C5A2;
				ENABLE_STRICT_OBJC_MSGSEND = YES;
				ENABLE_TESTABILITY = YES;
				ENABLE_USER_SCRIPT_SANDBOXING = YES;
				GCC_C_LANGUAGE_STANDARD = gnu17;
				GCC_DYNAMIC_NO_PIC = NO;
				GCC_NO_COMMON_BLOCKS = YES;
				GCC_OPTIMIZATION_LEVEL = 0;
				GCC_PREPROCESSOR_DEFINITIONS = (
					"DEBUG=1",
					"$(inherited)",
				);
				GCC_WARN_64_TO_32_BIT_CONVERSION = YES;
				GCC_WARN_ABOUT_RETURN_TYPE = YES_ERROR;
				GCC_WARN_UNDECLARED_SELECTOR = YES;
				GCC_WARN_UNINITIALIZED_AUTOS = YES_AGGRESSIVE;
				GCC_WARN_UNUSED_FUNCTION = YES;
				GCC_WARN_UNUSED_VARIABLE = YES;
				LOCALIZATION_PREFERS_STRING_CATALOGS = YES;
				MTL_ENABLE_DEBUG_INFO = INCLUDE_SOURCE;
				MTL_FAST_MATH = YES;
				ONLY_ACTIVE_ARCH = YES;
				SWIFT_ACTIVE_COMPILATION_CONDITIONS = "DEBUG $(inherited)";
				SWIFT_OPTIMIZATION_LEVEL = "-Onone";
			};
			name = Debug;
		};
		A186E3FA2E833A4300757E13 /* Release */ = {
			isa = XCBuildConfiguration;
			buildSettings = {
				ALWAYS_SEARCH_USER_PATHS = NO;
				ASSETCATALOG_COMPILER_GENERATE_SWIFT_ASSET_SYMBOL_EXTENSIONS = YES;
				CLANG_ANALYZER_NONNULL = YES;
				CLANG_ANALYZER_NUMBER_OBJECT_CONVERSION = YES_AGGRESSIVE;
				CLANG_CXX_LANGUAGE_STANDARD = "gnu++20";
				CLANG_ENABLE_MODULES = YES;
				CLANG_ENABLE_OBJC_ARC = YES;
				CLANG_ENABLE_OBJC_WEAK = YES;
				CLANG_WARN_BLOCK_CAPTURE_AUTORELEASING = YES;
				CLANG_WARN_BOOL_CONVERSION = YES;
				CLANG_WARN_COMMA = YES;
				CLANG_WARN_CONSTANT_CONVERSION = YES;
				CLANG_WARN_DEPRECATED_OBJC_IMPLEMENTATIONS = YES;
				CLANG_WARN_DIRECT_OBJC_ISA_USAGE = YES_ERROR;
				CLANG_WARN_DOCUMENTATION_COMMENTS = YES;
				CLANG_WARN_EMPTY_BODY = YES;
				CLANG_WARN_ENUM_CONVERSION = YES;
				CLANG_WARN_INFINITE_RECURSION = YES;
				CLANG_WARN_INT_CONVERSION = YES;
				CLANG_WARN_NON_LITERAL_NULL_CONVERSION = YES;
				CLANG_WARN_OBJC_IMPLICIT_RETAIN_SELF = YES;
				CLANG_WARN_OBJC_LITERAL_CONVERSION = YES;
				CLANG_WARN_OBJC_ROOT_CLASS = YES_ERROR;
				CLANG_WARN_QUOTED_INCLUDE_IN_FRAMEWORK_HEADER = YES;
				CLANG_WARN_RANGE_LOOP_ANALYSIS = YES;
				CLANG_WARN_STRICT_PROTOTYPES = YES;
				CLANG_WARN_SUSPICIOUS_MOVE = YES;
				CLANG_WARN_UNGUARDED_AVAILABILITY = YES_AGGRESSIVE;
				CLANG_WARN_UNREACHABLE_CODE = YES;
				CLANG_WARN__DUPLICATE_METHOD_MATCH = YES;
				COPY_PHASE_STRIP = NO;
				DEBUG_INFORMATION_FORMAT = "dwarf-with-dsym";
				DEVELOPMENT_TEAM = JF8DW7C5A2;
				ENABLE_NS_ASSERTIONS = NO;
				ENABLE_STRICT_OBJC_MSGSEND = YES;
				ENABLE_USER_SCRIPT_SANDBOXING = YES;
				GCC_C_LANGUAGE_STANDARD = gnu17;
				GCC_NO_COMMON_BLOCKS = YES;
				GCC_WARN_64_TO_32_BIT_CONVERSION = YES;
				GCC_WARN_ABOUT_RETURN_TYPE = YES_ERROR;
				GCC_WARN_UNDECLARED_SELECTOR = YES;
				GCC_WARN_UNINITIALIZED_AUTOS = YES_AGGRESSIVE;
				GCC_WARN_UNUSED_FUNCTION = YES;
				GCC_WARN_UNUSED_VARIABLE = YES;
				LOCALIZATION_PREFERS_STRING_CATALOGS = YES;
				MTL_ENABLE_DEBUG_INFO = NO;
				MTL_FAST_MATH = YES;
				SWIFT_COMPILATION_MODE = wholemodule;
			};
			name = Release;
		};
		A186E3FC2E833A4300757E13 /* Debug */ = {
			isa = XCBuildConfiguration;
			buildSettings = {
				ASSETCATALOG_COMPILER_APPICON_NAME = AppIcon;
				ASSETCATALOG_COMPILER_GLOBAL_ACCENT_COLOR_NAME = AccentColor;
				CODE_SIGN_ENTITLEMENTS = BetterAuthSwiftExample/BetterAuthSwiftExample.entitlements;
				CODE_SIGN_STYLE = Automatic;
				CURRENT_PROJECT_VERSION = 1;
				DEVELOPMENT_TEAM = JF8DW7C5A2;
				ENABLE_APP_SANDBOX = YES;
				ENABLE_HARDENED_RUNTIME = YES;
				ENABLE_INCOMING_NETWORK_CONNECTIONS = NO;
				ENABLE_OUTGOING_NETWORK_CONNECTIONS = YES;
				ENABLE_PREVIEWS = YES;
				ENABLE_RESOURCE_ACCESS_AUDIO_INPUT = NO;
				ENABLE_RESOURCE_ACCESS_BLUETOOTH = NO;
				ENABLE_RESOURCE_ACCESS_CALENDARS = NO;
				ENABLE_RESOURCE_ACCESS_CAMERA = NO;
				ENABLE_RESOURCE_ACCESS_CONTACTS = NO;
				ENABLE_RESOURCE_ACCESS_LOCATION = NO;
				ENABLE_RESOURCE_ACCESS_PRINTING = NO;
				ENABLE_RESOURCE_ACCESS_USB = NO;
				ENABLE_USER_SELECTED_FILES = readonly;
				GENERATE_INFOPLIST_FILE = YES;
				INFOPLIST_FILE = BetterAuthSwiftExample/Info.plist;
				"INFOPLIST_KEY_UIApplicationSceneManifest_Generation[sdk=iphoneos*]" = YES;
				"INFOPLIST_KEY_UIApplicationSceneManifest_Generation[sdk=iphonesimulator*]" = YES;
				"INFOPLIST_KEY_UIApplicationSupportsIndirectInputEvents[sdk=iphoneos*]" = YES;
				"INFOPLIST_KEY_UIApplicationSupportsIndirectInputEvents[sdk=iphonesimulator*]" = YES;
				"INFOPLIST_KEY_UILaunchScreen_Generation[sdk=iphoneos*]" = YES;
				"INFOPLIST_KEY_UILaunchScreen_Generation[sdk=iphonesimulator*]" = YES;
				"INFOPLIST_KEY_UIStatusBarStyle[sdk=iphoneos*]" = UIStatusBarStyleDefault;
				"INFOPLIST_KEY_UIStatusBarStyle[sdk=iphonesimulator*]" = UIStatusBarStyleDefault;
				INFOPLIST_KEY_UISupportedInterfaceOrientations_iPad = "UIInterfaceOrientationPortrait UIInterfaceOrientationPortraitUpsideDown UIInterfaceOrientationLandscapeLeft UIInterfaceOrientationLandscapeRight";
				INFOPLIST_KEY_UISupportedInterfaceOrientations_iPhone = "UIInterfaceOrientationPortrait UIInterfaceOrientationLandscapeLeft UIInterfaceOrientationLandscapeRight";
				IPHONEOS_DEPLOYMENT_TARGET = 26.0;
				LD_RUNPATH_SEARCH_PATHS = "@executable_path/Frameworks";
				"LD_RUNPATH_SEARCH_PATHS[sdk=macosx*]" = "@executable_path/../Frameworks";
				MACOSX_DEPLOYMENT_TARGET = 26.0;
				MARKETING_VERSION = 1.0;
				PRODUCT_BUNDLE_IDENTIFIER = com.tryabocado.abocado;
				PRODUCT_NAME = "$(TARGET_NAME)";
				REGISTER_APP_GROUPS = YES;
				SDKROOT = auto;
				STRING_CATALOG_GENERATE_SYMBOLS = YES;
				SUPPORTED_PLATFORMS = "iphoneos iphonesimulator macosx xros xrsimulator";
				SWIFT_APPROACHABLE_CONCURRENCY = YES;
				SWIFT_DEFAULT_ACTOR_ISOLATION = MainActor;
				SWIFT_EMIT_LOC_STRINGS = YES;
				SWIFT_UPCOMING_FEATURE_MEMBER_IMPORT_VISIBILITY = YES;
				SWIFT_VERSION = 5.0;
				TARGETED_DEVICE_FAMILY = "1,2,7";
				XROS_DEPLOYMENT_TARGET = 26.0;
			};
			name = Debug;
		};
		A186E3FD2E833A4300757E13 /* Release */ = {
			isa = XCBuildConfiguration;
			buildSettings = {
				ASSETCATALOG_COMPILER_APPICON_NAME = AppIcon;
				ASSETCATALOG_COMPILER_GLOBAL_ACCENT_COLOR_NAME = AccentColor;
				CODE_SIGN_ENTITLEMENTS = BetterAuthSwiftExample/BetterAuthSwiftExample.entitlements;
				CODE_SIGN_STYLE = Automatic;
				CURRENT_PROJECT_VERSION = 1;
				DEVELOPMENT_TEAM = JF8DW7C5A2;
				ENABLE_APP_SANDBOX = YES;
				ENABLE_HARDENED_RUNTIME = YES;
				ENABLE_INCOMING_NETWORK_CONNECTIONS = NO;
				ENABLE_OUTGOING_NETWORK_CONNECTIONS = YES;
				ENABLE_PREVIEWS = YES;
				ENABLE_RESOURCE_ACCESS_AUDIO_INPUT = NO;
				ENABLE_RESOURCE_ACCESS_BLUETOOTH = NO;
				ENABLE_RESOURCE_ACCESS_CALENDARS = NO;
				ENABLE_RESOURCE_ACCESS_CAMERA = NO;
				ENABLE_RESOURCE_ACCESS_CONTACTS = NO;
				ENABLE_RESOURCE_ACCESS_LOCATION = NO;
				ENABLE_RESOURCE_ACCESS_PRINTING = NO;
				ENABLE_RESOURCE_ACCESS_USB = NO;
				ENABLE_USER_SELECTED_FILES = readonly;
				GENERATE_INFOPLIST_FILE = YES;
				INFOPLIST_FILE = BetterAuthSwiftExample/Info.plist;
				"INFOPLIST_KEY_UIApplicationSceneManifest_Generation[sdk=iphoneos*]" = YES;
				"INFOPLIST_KEY_UIApplicationSceneManifest_Generation[sdk=iphonesimulator*]" = YES;
				"INFOPLIST_KEY_UIApplicationSupportsIndirectInputEvents[sdk=iphoneos*]" = YES;
				"INFOPLIST_KEY_UIApplicationSupportsIndirectInputEvents[sdk=iphonesimulator*]" = YES;
				"INFOPLIST_KEY_UILaunchScreen_Generation[sdk=iphoneos*]" = YES;
				"INFOPLIST_KEY_UILaunchScreen_Generation[sdk=iphonesimulator*]" = YES;
				"INFOPLIST_KEY_UIStatusBarStyle[sdk=iphoneos*]" = UIStatusBarStyleDefault;
				"INFOPLIST_KEY_UIStatusBarStyle[sdk=iphonesimulator*]" = UIStatusBarStyleDefault;
				INFOPLIST_KEY_UISupportedInterfaceOrientations_iPad = "UIInterfaceOrientationPortrait UIInterfaceOrientationPortraitUpsideDown UIInterfaceOrientationLandscapeLeft UIInterfaceOrientationLandscapeRight";
				INFOPLIST_KEY_UISupportedInterfaceOrientations_iPhone = "UIInterfaceOrientationPortrait UIInterfaceOrientationLandscapeLeft UIInterfaceOrientationLandscapeRight";
				IPHONEOS_DEPLOYMENT_TARGET = 26.0;
				LD_RUNPATH_SEARCH_PATHS = "@executable_path/Frameworks";
				"LD_RUNPATH_SEARCH_PATHS[sdk=macosx*]" = "@executable_path/../Frameworks";
				MACOSX_DEPLOYMENT_TARGET = 26.0;
				MARKETING_VERSION = 1.0;
				PRODUCT_BUNDLE_IDENTIFIER = com.tryabocado.abocado;
				PRODUCT_NAME = "$(TARGET_NAME)";
				REGISTER_APP_GROUPS = YES;
				SDKROOT = auto;
				STRING_CATALOG_GENERATE_SYMBOLS = YES;
				SUPPORTED_PLATFORMS = "iphoneos iphonesimulator macosx xros xrsimulator";
				SWIFT_APPROACHABLE_CONCURRENCY = YES;
				SWIFT_DEFAULT_ACTOR_ISOLATION = MainActor;
				SWIFT_EMIT_LOC_STRINGS = YES;
				SWIFT_UPCOMING_FEATURE_MEMBER_IMPORT_VISIBILITY = YES;
				SWIFT_VERSION = 5.0;
				TARGETED_DEVICE_FAMILY = "1,2,7";
				XROS_DEPLOYMENT_TARGET = 26.0;
			};
			name = Release;
		};
/* End XCBuildConfiguration section */

/* Begin XCConfigurationList section */
		A186E3EB2E833A4200757E13 /* Build configuration list for PBXProject "BetterAuthSwiftExample" */ = {
			isa = XCConfigurationList;
			buildConfigurations = (
				A186E3F92E833A4300757E13 /* Debug */,
				A186E3FA2E833A4300757E13 /* Release */,
			);
			defaultConfigurationIsVisible = 0;
			defaultConfigurationName = Release;
		};
		A186E3FB2E833A4300757E13 /* Build configuration list for PBXNativeTarget "BetterAuthSwiftExample" */ = {
			isa = XCConfigurationList;
			buildConfigurations = (
				A186E3FC2E833A4300757E13 /* Debug */,
				A186E3FD2E833A4300757E13 /* Release */,
			);
			defaultConfigurationIsVisible = 0;
			defaultConfigurationName = Release;
		};
/* End XCConfigurationList section */

/* Begin XCLocalSwiftPackageReference section */
		A156B06A2E95EE4700295CDD /* XCLocalSwiftPackageReference "../../BetterAuthSwift" */ = {
			isa = XCLocalSwiftPackageReference;
			relativePath = ../../BetterAuthSwift;
		};
/* End XCLocalSwiftPackageReference section */

/* Begin XCSwiftPackageProductDependency section */
		A156B06B2E95EE4700295CDD /* BetterAuth */ = {
			isa = XCSwiftPackageProductDependency;
			productName = BetterAuth;
		};
		A156B06D2E95EE4700295CDD /* BetterAuthAnonymous */ = {
			isa = XCSwiftPackageProductDependency;
			productName = BetterAuthAnonymous;
		};
		A156B06F2E95EE4700295CDD /* BetterAuthPhoneNumber */ = {
			isa = XCSwiftPackageProductDependency;
			productName = BetterAuthPhoneNumber;
		};
		A156B0712E95EE4700295CDD /* BetterAuthTwoFactor */ = {
			isa = XCSwiftPackageProductDependency;
			productName = BetterAuthTwoFactor;
		};
		A156B0732E95EE4700295CDD /* BetterAuthUsername */ = {
			isa = XCSwiftPackageProductDependency;
			productName = BetterAuthUsername;
		};
		A170F2622E8E3A9B007D88B6 /* BetterAuth */ = {
			isa = XCSwiftPackageProductDependency;
			productName = BetterAuth;
		};
		A170F2642E8E3A9B007D88B6 /* BetterAuthTwoFactor */ = {
			isa = XCSwiftPackageProductDependency;
			productName = BetterAuthTwoFactor;
		};
		A170F2662E8E3A9B007D88B6 /* BetterAuthUsername */ = {
			isa = XCSwiftPackageProductDependency;
			productName = BetterAuthUsername;
		};
		A186B3882E833AEB001671AD /* BetterAuth */ = {
			isa = XCSwiftPackageProductDependency;
			productName = BetterAuth;
		};
		A1A7E8F42E975C9300B2494D /* BetterAuth */ = {
			isa = XCSwiftPackageProductDependency;
			productName = BetterAuth;
		};
		A1A7E8F62E975C9300B2494D /* BetterAuthAnonymous */ = {
			isa = XCSwiftPackageProductDependency;
			productName = BetterAuthAnonymous;
		};
		A1A7E8F82E975C9300B2494D /* BetterAuthEmailOTP */ = {
			isa = XCSwiftPackageProductDependency;
			productName = BetterAuthEmailOTP;
		};
		A1A7E8FA2E975C9300B2494D /* BetterAuthMagicLink */ = {
			isa = XCSwiftPackageProductDependency;
			productName = BetterAuthMagicLink;
		};
		A1A7E8FC2E975C9300B2494D /* BetterAuthPhoneNumber */ = {
			isa = XCSwiftPackageProductDependency;
			productName = BetterAuthPhoneNumber;
		};
		A1A7E8FE2E975C9300B2494D /* BetterAuthTwoFactor */ = {
			isa = XCSwiftPackageProductDependency;
			productName = BetterAuthTwoFactor;
		};
		A1A7E9002E975C9300B2494D /* BetterAuthUsername */ = {
			isa = XCSwiftPackageProductDependency;
			productName = BetterAuthUsername;
		};
		A1D8242B2E8B8A4F00049493 /* BetterAuth */ = {
			isa = XCSwiftPackageProductDependency;
			productName = BetterAuth;
		};
		A1D8242D2E8B8A4F00049493 /* BetterAuthTwoFactor */ = {
			isa = XCSwiftPackageProductDependency;
			productName = BetterAuthTwoFactor;
		};
		A1D9C50F2E961F13006DF093 /* BetterAuth */ = {
			isa = XCSwiftPackageProductDependency;
			productName = BetterAuth;
		};
		A1D9C5112E961F13006DF093 /* BetterAuthAnonymous */ = {
			isa = XCSwiftPackageProductDependency;
			productName = BetterAuthAnonymous;
		};
		A1D9C5132E961F13006DF093 /* BetterAuthMagicLink */ = {
			isa = XCSwiftPackageProductDependency;
			productName = BetterAuthMagicLink;
		};
		A1D9C5152E961F13006DF093 /* BetterAuthPhoneNumber */ = {
			isa = XCSwiftPackageProductDependency;
			productName = BetterAuthPhoneNumber;
		};
		A1D9C5172E961F13006DF093 /* BetterAuthTwoFactor */ = {
			isa = XCSwiftPackageProductDependency;
			productName = BetterAuthTwoFactor;
		};
/* End XCSwiftPackageProductDependency section */
	};
	rootObject = A186E3E82E833A4200757E13 /* Project object */;
}
